
Microsoft Visual Studio Solution File, Format Version 12.00
# Visual Studio Version 17
VisualStudioVersion = 17.0.31903.59
MinimumVisualStudioVersion = 10.0.40219.1
Project("{2150E333-8FDC-42A3-9474-1A3956D46DE8}") = "src", "src", "{E6AA95AD-658B-454C-8253-B175F0E5B9D6}"
EndProject
Project("{9A19103F-16F7-4668-BE54-9A1E7A4F7556}") = "FastFoodFIAP.Domain", "src\FastFoodFIAP.Domain\FastFoodFIAP.Domain.csproj", "{32C590D5-5541-4374-8B6A-D2466BF2711D}"
EndProject
Project("{9A19103F-16F7-4668-BE54-9A1E7A4F7556}") = "FastFoodFIAP.Domain.Test", "tests\FastFoodFIAP.Domain.Test\FastFoodFIAP.Domain.Test.csproj", "{8C8C3C98-261E-4231-B849-7191CA1990F4}"
EndProject
Project("{9A19103F-16F7-4668-BE54-9A1E7A4F7556}") = "FastFoodFIAP.Infra.CrossCutting.IoC", "src\FastFoodFIAP.Infra.CrossCutting.IoC\FastFoodFIAP.Infra.CrossCutting.IoC.csproj", "{EF40227A-7DB6-4D0A-B153-2621C3A3F535}"
EndProject
Project("{9A19103F-16F7-4668-BE54-9A1E7A4F7556}") = "FastFoodFIAP.Infra.Data", "src\FastFoodFIAP.Infra.Data\FastFoodFIAP.Infra.Data.csproj", "{7B8CA512-0ECB-4B07-8692-8F711A9CBD8F}"
EndProject
Project("{9A19103F-16F7-4668-BE54-9A1E7A4F7556}") = "FastFoodFIAP.Services.Api", "src\FastFoodFIAP.Services.Api\FastFoodFIAP.Services.Api.csproj", "{C7428EF0-91DC-4329-B74F-5452922A569A}"
EndProject
Project("{9A19103F-16F7-4668-BE54-9A1E7A4F7556}") = "FastFoodFIAP.Application", "src\FastFoodFIAP.Application\FastFoodFIAP.Application.csproj", "{61B82270-6012-4E25-A461-192F11B74CA4}"
EndProject
Project("{9A19103F-16F7-4668-BE54-9A1E7A4F7556}") = "GenericPack", "src\GenericPack\GenericPack.csproj", "{FD95EB19-6382-4E24-8966-916C6A653733}"
EndProject
Project("{9A19103F-16F7-4668-BE54-9A1E7A4F7556}") = "FastFoodFIAP.Infra.CrossCutting.Bus", "src\FastFoodFIAP.Infra.CrossCutting.Bus\FastFoodFIAP.Infra.CrossCutting.Bus.csproj", "{B44100F9-660D-44A5-A17B-D9F0584F39F2}"
EndProject
Project("{FAE04EC0-301F-11D3-BF4B-00C04F79EFBC}") = "FastFoodFIAP.Infra.MercadoPago", "src\FastFoodFIAP.Infra.MercadoPago\FastFoodFIAP.Infra.MercadoPago.csproj", "{633D5187-140A-4720-9455-414A2B272D26}"
EndProject
Global
	GlobalSection(SolutionConfigurationPlatforms) = preSolution
		Debug|Any CPU = Debug|Any CPU
		Release|Any CPU = Release|Any CPU
	EndGlobalSection
	GlobalSection(ProjectConfigurationPlatforms) = postSolution
		{32C590D5-5541-4374-8B6A-D2466BF2711D}.Debug|Any CPU.ActiveCfg = Debug|Any CPU
		{32C590D5-5541-4374-8B6A-D2466BF2711D}.Debug|Any CPU.Build.0 = Debug|Any CPU
		{32C590D5-5541-4374-8B6A-D2466BF2711D}.Release|Any CPU.ActiveCfg = Release|Any CPU
		{32C590D5-5541-4374-8B6A-D2466BF2711D}.Release|Any CPU.Build.0 = Release|Any CPU
		{8C8C3C98-261E-4231-B849-7191CA1990F4}.Debug|Any CPU.ActiveCfg = Debug|Any CPU
		{8C8C3C98-261E-4231-B849-7191CA1990F4}.Debug|Any CPU.Build.0 = Debug|Any CPU
		{8C8C3C98-261E-4231-B849-7191CA1990F4}.Release|Any CPU.ActiveCfg = Release|Any CPU
		{8C8C3C98-261E-4231-B849-7191CA1990F4}.Release|Any CPU.Build.0 = Release|Any CPU
		{EF40227A-7DB6-4D0A-B153-2621C3A3F535}.Debug|Any CPU.ActiveCfg = Debug|Any CPU
		{EF40227A-7DB6-4D0A-B153-2621C3A3F535}.Debug|Any CPU.Build.0 = Debug|Any CPU
		{EF40227A-7DB6-4D0A-B153-2621C3A3F535}.Release|Any CPU.ActiveCfg = Release|Any CPU
		{EF40227A-7DB6-4D0A-B153-2621C3A3F535}.Release|Any CPU.Build.0 = Release|Any CPU
		{7B8CA512-0ECB-4B07-8692-8F711A9CBD8F}.Debug|Any CPU.ActiveCfg = Debug|Any CPU
		{7B8CA512-0ECB-4B07-8692-8F711A9CBD8F}.Debug|Any CPU.Build.0 = Debug|Any CPU
		{7B8CA512-0ECB-4B07-8692-8F711A9CBD8F}.Release|Any CPU.ActiveCfg = Release|Any CPU
		{7B8CA512-0ECB-4B07-8692-8F711A9CBD8F}.Release|Any CPU.Build.0 = Release|Any CPU
		{C7428EF0-91DC-4329-B74F-5452922A569A}.Debug|Any CPU.ActiveCfg = Debug|Any CPU
		{C7428EF0-91DC-4329-B74F-5452922A569A}.Debug|Any CPU.Build.0 = Debug|Any CPU
		{C7428EF0-91DC-4329-B74F-5452922A569A}.Release|Any CPU.ActiveCfg = Release|Any CPU
		{C7428EF0-91DC-4329-B74F-5452922A569A}.Release|Any CPU.Build.0 = Release|Any CPU
		{61B82270-6012-4E25-A461-192F11B74CA4}.Debug|Any CPU.ActiveCfg = Debug|Any CPU
		{61B82270-6012-4E25-A461-192F11B74CA4}.Debug|Any CPU.Build.0 = Debug|Any CPU
		{61B82270-6012-4E25-A461-192F11B74CA4}.Release|Any CPU.ActiveCfg = Release|Any CPU
		{61B82270-6012-4E25-A461-192F11B74CA4}.Release|Any CPU.Build.0 = Release|Any CPU
		{FD95EB19-6382-4E24-8966-916C6A653733}.Debug|Any CPU.ActiveCfg = Debug|Any CPU
		{FD95EB19-6382-4E24-8966-916C6A653733}.Debug|Any CPU.Build.0 = Debug|Any CPU
		{FD95EB19-6382-4E24-8966-916C6A653733}.Release|Any CPU.ActiveCfg = Release|Any CPU
		{FD95EB19-6382-4E24-8966-916C6A653733}.Release|Any CPU.Build.0 = Release|Any CPU
		{B44100F9-660D-44A5-A17B-D9F0584F39F2}.Debug|Any CPU.ActiveCfg = Debug|Any CPU
		{B44100F9-660D-44A5-A17B-D9F0584F39F2}.Debug|Any CPU.Build.0 = Debug|Any CPU
		{B44100F9-660D-44A5-A17B-D9F0584F39F2}.Release|Any CPU.ActiveCfg = Release|Any CPU
		{B44100F9-660D-44A5-A17B-D9F0584F39F2}.Release|Any CPU.Build.0 = Release|Any CPU
		{633D5187-140A-4720-9455-414A2B272D26}.Debug|Any CPU.ActiveCfg = Debug|Any CPU
		{633D5187-140A-4720-9455-414A2B272D26}.Debug|Any CPU.Build.0 = Debug|Any CPU
		{633D5187-140A-4720-9455-414A2B272D26}.Release|Any CPU.ActiveCfg = Release|Any CPU
		{633D5187-140A-4720-9455-414A2B272D26}.Release|Any CPU.Build.0 = Release|Any CPU
	EndGlobalSection
	GlobalSection(SolutionProperties) = preSolution
		HideSolutionNode = FALSE
	EndGlobalSection
	GlobalSection(NestedProjects) = preSolution
		{32C590D5-5541-4374-8B6A-D2466BF2711D} = {E6AA95AD-658B-454C-8253-B175F0E5B9D6}
		{8C8C3C98-261E-4231-B849-7191CA1990F4} = {E6AA95AD-658B-454C-8253-B175F0E5B9D6}
		{EF40227A-7DB6-4D0A-B153-2621C3A3F535} = {E6AA95AD-658B-454C-8253-B175F0E5B9D6}
		{7B8CA512-0ECB-4B07-8692-8F711A9CBD8F} = {E6AA95AD-658B-454C-8253-B175F0E5B9D6}
		{C7428EF0-91DC-4329-B74F-5452922A569A} = {E6AA95AD-658B-454C-8253-B175F0E5B9D6}
		{61B82270-6012-4E25-A461-192F11B74CA4} = {E6AA95AD-658B-454C-8253-B175F0E5B9D6}
		{FD95EB19-6382-4E24-8966-916C6A653733} = {E6AA95AD-658B-454C-8253-B175F0E5B9D6}
		{B44100F9-660D-44A5-A17B-D9F0584F39F2} = {E6AA95AD-658B-454C-8253-B175F0E5B9D6}
		{633D5187-140A-4720-9455-414A2B272D26} = {E6AA95AD-658B-454C-8253-B175F0E5B9D6}
	EndGlobalSection
	GlobalSection(ExtensibilityGlobals) = postSolution
		SolutionGuid = {256DCDFB-B34A-4523-BC60-254DE5183522}
	EndGlobalSection
EndGlobal
